// !$*UTF8*$!
{
	archiveVersion = 1;
	classes = {
	};
	objectVersion = 50;
	objects = {

/* Begin PBXBuildFile section */
		A00560AA2378D7C8004842B1 /* AppDelegate.swift in Sources */ = {isa = PBXBuildFile; fileRef = A00560A92378D7C8004842B1 /* AppDelegate.swift */; };
		A00560AC2378D7C8004842B1 /* SceneDelegate.swift in Sources */ = {isa = PBXBuildFile; fileRef = A00560AB2378D7C8004842B1 /* SceneDelegate.swift */; };
		A00560AE2378D7C8004842B1 /* ViewController.swift in Sources */ = {isa = PBXBuildFile; fileRef = A00560AD2378D7C8004842B1 /* ViewController.swift */; };
		A00560B12378D7C8004842B1 /* Main.storyboard in Resources */ = {isa = PBXBuildFile; fileRef = A00560AF2378D7C8004842B1 /* Main.storyboard */; };
		A00560B42378D7C8004842B1 /* GAMR.xcdatamodeld in Sources */ = {isa = PBXBuildFile; fileRef = A00560B22378D7C8004842B1 /* GAMR.xcdatamodeld */; };
		A00560B62378D7C8004842B1 /* Assets.xcassets in Resources */ = {isa = PBXBuildFile; fileRef = A00560B52378D7C8004842B1 /* Assets.xcassets */; };
		A00560B92378D7C8004842B1 /* LaunchScreen.storyboard in Resources */ = {isa = PBXBuildFile; fileRef = A00560B72378D7C8004842B1 /* LaunchScreen.storyboard */; };
		A00560C42378DBA0004842B1 /* LoginController.swift in Sources */ = {isa = PBXBuildFile; fileRef = A00560C32378DBA0004842B1 /* LoginController.swift */; };
		A00560C62378DBBB004842B1 /* Login.swift in Sources */ = {isa = PBXBuildFile; fileRef = A00560C52378DBBB004842B1 /* Login.swift */; };
		A00560C82378DC87004842B1 /* Event.swift in Sources */ = {isa = PBXBuildFile; fileRef = A00560C72378DC87004842B1 /* Event.swift */; };
		A00560CA2378DCA0004842B1 /* EventController.swift in Sources */ = {isa = PBXBuildFile; fileRef = A00560C92378DCA0004842B1 /* EventController.swift */; };
		A00560CE2378DD35004842B1 /* User.swift in Sources */ = {isa = PBXBuildFile; fileRef = A00560CD2378DD35004842B1 /* User.swift */; };
		A00560D02378DF07004842B1 /* EventRecieptVC.swift in Sources */ = {isa = PBXBuildFile; fileRef = A00560CF2378DF07004842B1 /* EventRecieptVC.swift */; };
/* End PBXBuildFile section */

/* Begin PBXFileReference section */
		A00560A62378D7C8004842B1 /* GAMR.app */ = {isa = PBXFileReference; explicitFileType = wrapper.application; includeInIndex = 0; path = GAMR.app; sourceTree = BUILT_PRODUCTS_DIR; };
		A00560A92378D7C8004842B1 /* AppDelegate.swift */ = {isa = PBXFileReference; lastKnownFileType = sourcecode.swift; path = AppDelegate.swift; sourceTree = "<group>"; };
		A00560AB2378D7C8004842B1 /* SceneDelegate.swift */ = {isa = PBXFileReference; lastKnownFileType = sourcecode.swift; path = SceneDelegate.swift; sourceTree = "<group>"; };
		A00560AD2378D7C8004842B1 /* ViewController.swift */ = {isa = PBXFileReference; lastKnownFileType = sourcecode.swift; path = ViewController.swift; sourceTree = "<group>"; };
		A00560B02378D7C8004842B1 /* Base */ = {isa = PBXFileReference; lastKnownFileType = file.storyboard; name = Base; path = Base.lproj/Main.storyboard; sourceTree = "<group>"; };
		A00560B32378D7C8004842B1 /* GAMR.xcdatamodel */ = {isa = PBXFileReference; lastKnownFileType = wrapper.xcdatamodel; path = GAMR.xcdatamodel; sourceTree = "<group>"; };
		A00560B52378D7C8004842B1 /* Assets.xcassets */ = {isa = PBXFileReference; lastKnownFileType = folder.assetcatalog; path = Assets.xcassets; sourceTree = "<group>"; };
		A00560B82378D7C8004842B1 /* Base */ = {isa = PBXFileReference; lastKnownFileType = file.storyboard; name = Base; path = Base.lproj/LaunchScreen.storyboard; sourceTree = "<group>"; };
		A00560BA2378D7C8004842B1 /* Info.plist */ = {isa = PBXFileReference; lastKnownFileType = text.plist.xml; path = Info.plist; sourceTree = "<group>"; };
		A00560C32378DBA0004842B1 /* LoginController.swift */ = {isa = PBXFileReference; lastKnownFileType = sourcecode.swift; path = LoginController.swift; sourceTree = "<group>"; };
		A00560C52378DBBB004842B1 /* Login.swift */ = {isa = PBXFileReference; lastKnownFileType = sourcecode.swift; path = Login.swift; sourceTree = "<group>"; };
		A00560C72378DC87004842B1 /* Event.swift */ = {isa = PBXFileReference; lastKnownFileType = sourcecode.swift; path = Event.swift; sourceTree = "<group>"; };
		A00560C92378DCA0004842B1 /* EventController.swift */ = {isa = PBXFileReference; lastKnownFileType = sourcecode.swift; path = EventController.swift; sourceTree = "<group>"; };
		A00560CD2378DD35004842B1 /* User.swift */ = {isa = PBXFileReference; lastKnownFileType = sourcecode.swift; path = User.swift; sourceTree = "<group>"; };
		A00560CF2378DF07004842B1 /* EventRecieptVC.swift */ = {isa = PBXFileReference; lastKnownFileType = sourcecode.swift; path = EventRecieptVC.swift; sourceTree = "<group>"; };
/* End PBXFileReference section */

/* Begin PBXFrameworksBuildPhase section */
		A00560A32378D7C8004842B1 /* Frameworks */ = {
			isa = PBXFrameworksBuildPhase;
			buildActionMask = 2147483647;
			files = (
			);
			runOnlyForDeploymentPostprocessing = 0;
		};
/* End PBXFrameworksBuildPhase section */

/* Begin PBXGroup section */
		A005609D2378D7C8004842B1 = {
			isa = PBXGroup;
			children = (
				A00560A82378D7C8004842B1 /* GAMR */,
				A00560A72378D7C8004842B1 /* Products */,
			);
			sourceTree = "<group>";
		};
		A00560A72378D7C8004842B1 /* Products */ = {
			isa = PBXGroup;
			children = (
				A00560A62378D7C8004842B1 /* GAMR.app */,
			);
			name = Products;
			sourceTree = "<group>";
		};
		A00560A82378D7C8004842B1 /* GAMR */ = {
			isa = PBXGroup;
			children = (
				A00560C12378D907004842B1 /* view */,
				A00560C02378D8FC004842B1 /* model */,
				A00560C22378D90A004842B1 /* controller */,
				A00560A92378D7C8004842B1 /* AppDelegate.swift */,
				A00560AB2378D7C8004842B1 /* SceneDelegate.swift */,
				A00560AF2378D7C8004842B1 /* Main.storyboard */,
				A00560B52378D7C8004842B1 /* Assets.xcassets */,
				A00560B72378D7C8004842B1 /* LaunchScreen.storyboard */,
				A00560BA2378D7C8004842B1 /* Info.plist */,
				A00560B22378D7C8004842B1 /* GAMR.xcdatamodeld */,
			);
			path = GAMR;
			sourceTree = "<group>";
		};
		A00560C02378D8FC004842B1 /* model */ = {
			isa = PBXGroup;
			children = (
				A00560C52378DBBB004842B1 /* Login.swift */,
				A00560C72378DC87004842B1 /* Event.swift */,
				A00560CD2378DD35004842B1 /* User.swift */,
			);
			path = model;
			sourceTree = "<group>";
		};
		A00560C12378D907004842B1 /* view */ = {
			isa = PBXGroup;
			children = (
				A00560AD2378D7C8004842B1 /* ViewController.swift */,
				A00560CF2378DF07004842B1 /* EventRecieptVC.swift */,
			);
			path = view;
			sourceTree = "<group>";
		};
		A00560C22378D90A004842B1 /* controller */ = {
			isa = PBXGroup;
			children = (
				A00560C32378DBA0004842B1 /* LoginController.swift */,
				A00560C92378DCA0004842B1 /* EventController.swift */,
			);
			path = controller;
			sourceTree = "<group>";
		};
/* End PBXGroup section */

/* Begin PBXNativeTarget section */
		A00560A52378D7C8004842B1 /* GAMR */ = {
			isa = PBXNativeTarget;
			buildConfigurationList = A00560BD2378D7C8004842B1 /* Build configuration list for PBXNativeTarget "GAMR" */;
			buildPhases = (
				A00560A22378D7C8004842B1 /* Sources */,
				A00560A32378D7C8004842B1 /* Frameworks */,
				A00560A42378D7C8004842B1 /* Resources */,
			);
			buildRules = (
			);
			dependencies = (
			);
			name = GAMR;
			productName = GAMR;
			productReference = A00560A62378D7C8004842B1 /* GAMR.app */;
			productType = "com.apple.product-type.application";
		};
/* End PBXNativeTarget section */

/* Begin PBXProject section */
		A005609E2378D7C8004842B1 /* Project object */ = {
			isa = PBXProject;
			attributes = {
				LastSwiftUpdateCheck = 1110;
				LastUpgradeCheck = 1110;
				ORGANIZATIONNAME = "Rayan Syed";
				TargetAttributes = {
					A00560A52378D7C8004842B1 = {
						CreatedOnToolsVersion = 11.1;
					};
				};
			};
			buildConfigurationList = A00560A12378D7C8004842B1 /* Build configuration list for PBXProject "GAMR" */;
			compatibilityVersion = "Xcode 9.3";
			developmentRegion = en;
			hasScannedForEncodings = 0;
			knownRegions = (
				en,
				Base,
			);
			mainGroup = A005609D2378D7C8004842B1;
			productRefGroup = A00560A72378D7C8004842B1 /* Products */;
			projectDirPath = "";
			projectRoot = "";
			targets = (
				A00560A52378D7C8004842B1 /* GAMR */,
			);
		};
/* End PBXProject section */

/* Begin PBXResourcesBuildPhase section */
		A00560A42378D7C8004842B1 /* Resources */ = {
			isa = PBXResourcesBuildPhase;
			buildActionMask = 2147483647;
			files = (
				A00560B92378D7C8004842B1 /* LaunchScreen.storyboard in Resources */,
				A00560B62378D7C8004842B1 /* Assets.xcassets in Resources */,
				A00560B12378D7C8004842B1 /* Main.storyboard in Resources */,
			);
			runOnlyForDeploymentPostprocessing = 0;
		};
/* End PBXResourcesBuildPhase section */

/* Begin PBXSourcesBuildPhase section */
		A00560A22378D7C8004842B1 /* Sources */ = {
			isa = PBXSourcesBuildPhase;
			buildActionMask = 2147483647;
			files = (
				A00560D02378DF07004842B1 /* EventRecieptVC.swift in Sources */,
				A00560B42378D7C8004842B1 /* GAMR.xcdatamodeld in Sources */,
				A00560AE2378D7C8004842B1 /* ViewController.swift in Sources */,
				A00560AA2378D7C8004842B1 /* AppDelegate.swift in Sources */,
				A00560C62378DBBB004842B1 /* Login.swift in Sources */,
				A00560AC2378D7C8004842B1 /* SceneDelegate.swift in Sources */,
				A00560C82378DC87004842B1 /* Event.swift in Sources */,
				A00560CA2378DCA0004842B1 /* EventController.swift in Sources */,
				A00560CE2378DD35004842B1 /* User.swift in Sources */,
				A00560C42378DBA0004842B1 /* LoginController.swift in Sources */,
			);
			runOnlyForDeploymentPostprocessing = 0;
		};
/* End PBXSourcesBuildPhase section */

/* Begin PBXVariantGroup section */
		A00560AF2378D7C8004842B1 /* Main.storyboard */ = {
			isa = PBXVariantGroup;
			children = (
				A00560B02378D7C8004842B1 /* Base */,
			);
			name = Main.storyboard;
			sourceTree = "<group>";
		};
		A00560B72378D7C8004842B1 /* LaunchScreen.storyboard */ = {
			isa = PBXVariantGroup;
			children = (
				A00560B82378D7C8004842B1 /* Base */,
			);
			name = LaunchScreen.storyboard;
			sourceTree = "<group>";
		};
/* End PBXVariantGroup section */

/* Begin XCBuildConfiguration section */
		A00560BB2378D7C8004842B1 /* Debug */ = {
			isa = XCBuildConfiguration;
			buildSettings = {
				ALWAYS_SEARCH_USER_PATHS = NO;
				CLANG_ANALYZER_NONNULL = YES;
				CLANG_ANALYZER_NUMBER_OBJECT_CONVERSION = YES_AGGRESSIVE;
				CLANG_CXX_LANGUAGE_STANDARD = "gnu++14";
				CLANG_CXX_LIBRARY = "libc++";
				CLANG_ENABLE_MODULES = YES;
				CLANG_ENABLE_OBJC_ARC = YES;
				CLANG_ENABLE_OBJC_WEAK = YES;
				CLANG_WARN_BLOCK_CAPTURE_AUTORELEASING = YES;
				CLANG_WARN_BOOL_CONVERSION = YES;
				CLANG_WARN_COMMA = YES;
				CLANG_WARN_CONSTANT_CONVERSION = YES;
				CLANG_WARN_DEPRECATED_OBJC_IMPLEMENTATIONS = YES;
				CLANG_WARN_DIRECT_OBJC_ISA_USAGE = YES_ERROR;
				CLANG_WARN_DOCUMENTATION_COMMENTS = YES;
				CLANG_WARN_EMPTY_BODY = YES;
				CLANG_WARN_ENUM_CONVERSION = YES;
				CLANG_WARN_INFINITE_RECURSION = YES;
				CLANG_WARN_INT_CONVERSION = YES;
				CLANG_WARN_NON_LITERAL_NULL_CONVERSION = YES;
				CLANG_WARN_OBJC_IMPLICIT_RETAIN_SELF = YES;
				CLANG_WARN_OBJC_LITERAL_CONVERSION = YES;
				CLANG_WARN_OBJC_ROOT_CLASS = YES_ERROR;
				CLANG_WARN_RANGE_LOOP_ANALYSIS = YES;
				CLANG_WARN_STRICT_PROTOTYPES = YES;
				CLANG_WARN_SUSPICIOUS_MOVE = YES;
				CLANG_WARN_UNGUARDED_AVAILABILITY = YES_AGGRESSIVE;
				CLANG_WARN_UNREACHABLE_CODE = YES;
				CLANG_WARN__DUPLICATE_METHOD_MATCH = YES;
				COPY_PHASE_STRIP = NO;
				DEBUG_INFORMATION_FORMAT = dwarf;
				ENABLE_STRICT_OBJC_MSGSEND = YES;
				ENABLE_TESTABILITY = YES;
				GCC_C_LANGUAGE_STANDARD = gnu11;
				GCC_DYNAMIC_NO_PIC = NO;
				GCC_NO_COMMON_BLOCKS = YES;
				GCC_OPTIMIZATION_LEVEL = 0;
				GCC_PREPROCESSOR_DEFINITIONS = (
					"DEBUG=1",
					"$(inherited)",
				);
				GCC_WARN_64_TO_32_BIT_CONVERSION = YES;
				GCC_WARN_ABOUT_RETURN_TYPE = YES_ERROR;
				GCC_WARN_UNDECLARED_SELECTOR = YES;
				GCC_WARN_UNINITIALIZED_AUTOS = YES_AGGRESSIVE;
				GCC_WARN_UNUSED_FUNCTION = YES;
				GCC_WARN_UNUSED_VARIABLE = YES;
				IPHONEOS_DEPLOYMENT_TARGET = 13.1;
				MTL_ENABLE_DEBUG_INFO = INCLUDE_SOURCE;
				MTL_FAST_MATH = YES;
				ONLY_ACTIVE_ARCH = YES;
				SDKROOT = iphoneos;
				SWIFT_ACTIVE_COMPILATION_CONDITIONS = DEBUG;
				SWIFT_OPTIMIZATION_LEVEL = "-Onone";
			};
			name = Debug;
		};
		A00560BC2378D7C8004842B1 /* Release */ = {
			isa = XCBuildConfiguration;
			buildSettings = {
				ALWAYS_SEARCH_USER_PATHS = NO;
				CLANG_ANALYZER_NONNULL = YES;
				CLANG_ANALYZER_NUMBER_OBJECT_CONVERSION = YES_AGGRESSIVE;
				CLANG_CXX_LANGUAGE_STANDARD = "gnu++14";
				CLANG_CXX_LIBRARY = "libc++";
				CLANG_ENABLE_MODULES = YES;
				CLANG_ENABLE_OBJC_ARC = YES;
				CLANG_ENABLE_OBJC_WEAK = YES;
				CLANG_WARN_BLOCK_CAPTURE_AUTORELEASING = YES;
				CLANG_WARN_BOOL_CONVERSION = YES;
				CLANG_WARN_COMMA = YES;
				CLANG_WARN_CONSTANT_CONVERSION = YES;
				CLANG_WARN_DEPRECATED_OBJC_IMPLEMENTATIONS = YES;
				CLANG_WARN_DIRECT_OBJC_ISA_USAGE = YES_ERROR;
				CLANG_WARN_DOCUMENTATION_COMMENTS = YES;
				CLANG_WARN_EMPTY_BODY = YES;
				CLANG_WARN_ENUM_CONVERSION = YES;
				CLANG_WARN_INFINITE_RECURSION = YES;
				CLANG_WARN_INT_CONVERSION = YES;
				CLANG_WARN_NON_LITERAL_NULL_CONVERSION = YES;
				CLANG_WARN_OBJC_IMPLICIT_RETAIN_SELF = YES;
				CLANG_WARN_OBJC_LITERAL_CONVERSION = YES;
				CLANG_WARN_OBJC_ROOT_CLASS = YES_ERROR;
				CLANG_WARN_RANGE_LOOP_ANALYSIS = YES;
				CLANG_WARN_STRICT_PROTOTYPES = YES;
				CLANG_WARN_SUSPICIOUS_MOVE = YES;
				CLANG_WARN_UNGUARDED_AVAILABILITY = YES_AGGRESSIVE;
				CLANG_WARN_UNREACHABLE_CODE = YES;
				CLANG_WARN__DUPLICATE_METHOD_MATCH = YES;
				COPY_PHASE_STRIP = NO;
				DEBUG_INFORMATION_FORMAT = "dwarf-with-dsym";
				ENABLE_NS_ASSERTIONS = NO;
				ENABLE_STRICT_OBJC_MSGSEND = YES;
				GCC_C_LANGUAGE_STANDARD = gnu11;
				GCC_NO_COMMON_BLOCKS = YES;
				GCC_WARN_64_TO_32_BIT_CONVERSION = YES;
				GCC_WARN_ABOUT_RETURN_TYPE = YES_ERROR;
				GCC_WARN_UNDECLARED_SELECTOR = YES;
				GCC_WARN_UNINITIALIZED_AUTOS = YES_AGGRESSIVE;
				GCC_WARN_UNUSED_FUNCTION = YES;
				GCC_WARN_UNUSED_VARIABLE = YES;
				IPHONEOS_DEPLOYMENT_TARGET = 13.1;
				MTL_ENABLE_DEBUG_INFO = NO;
				MTL_FAST_MATH = YES;
				SDKROOT = iphoneos;
				SWIFT_COMPILATION_MODE = wholemodule;
				SWIFT_OPTIMIZATION_LEVEL = "-O";
				VALIDATE_PRODUCT = YES;
			};
			name = Release;
		};
		A00560BE2378D7C8004842B1 /* Debug */ = {
			isa = XCBuildConfiguration;
			buildSettings = {
				ASSETCATALOG_COMPILER_APPICON_NAME = AppIcon;
				CODE_SIGN_STYLE = Automatic;
				DEVELOPMENT_TEAM = HCQTX7B96N;
				INFOPLIST_FILE = GAMR/Info.plist;
				LD_RUNPATH_SEARCH_PATHS = (
					"$(inherited)",
					"@executable_path/Frameworks",
				);
				PRODUCT_BUNDLE_IDENTIFIER = RS.GAMR;
				PRODUCT_NAME = "$(TARGET_NAME)";
				SWIFT_VERSION = 5.0;
				TARGETED_DEVICE_FAMILY = "1,2";
			};
			name = Debug;
		};
		A00560BF2378D7C8004842B1 /* Release */ = {
			isa = XCBuildConfiguration;
			buildSettings = {
				ASSETCATALOG_COMPILER_APPICON_NAME = AppIcon;
				CODE_SIGN_STYLE = Automatic;
				DEVELOPMENT_TEAM = HCQTX7B96N;
				INFOPLIST_FILE = GAMR/Info.plist;
				LD_RUNPATH_SEARCH_PATHS = (
					"$(inherited)",
					"@executable_path/Frameworks",
				);
				PRODUCT_BUNDLE_IDENTIFIER = RS.GAMR;
				PRODUCT_NAME = "$(TARGET_NAME)";
				SWIFT_VERSION = 5.0;
				TARGETED_DEVICE_FAMILY = "1,2";
			};
			name = Release;
		};
/* End XCBuildConfiguration section */

/* Begin XCConfigurationList section */
		A00560A12378D7C8004842B1 /* Build configuration list for PBXProject "GAMR" */ = {
			isa = XCConfigurationList;
			buildConfigurations = (
				A00560BB2378D7C8004842B1 /* Debug */,
				A00560BC2378D7C8004842B1 /* Release */,
			);
			defaultConfigurationIsVisible = 0;
			defaultConfigurationName = Release;
		};
		A00560BD2378D7C8004842B1 /* Build configuration list for PBXNativeTarget "GAMR" */ = {
			isa = XCConfigurationList;
			buildConfigurations = (
				A00560BE2378D7C8004842B1 /* Debug */,
				A00560BF2378D7C8004842B1 /* Release */,
			);
			defaultConfigurationIsVisible = 0;
			defaultConfigurationName = Release;
		};
/* End XCConfigurationList section */

/* Begin XCVersionGroup section */
		A00560B22378D7C8004842B1 /* GAMR.xcdatamodeld */ = {
			isa = XCVersionGroup;
			children = (
				A00560B32378D7C8004842B1 /* GAMR.xcdatamodel */,
			);
			currentVersion = A00560B32378D7C8004842B1 /* GAMR.xcdatamodel */;
			path = GAMR.xcdatamodeld;
			sourceTree = "<group>";
			versionGroupType = wrapper.xcdatamodel;
		};
/* End XCVersionGroup section */
	};
	rootObject = A005609E2378D7C8004842B1 /* Project object */;
}
